
Microsoft Visual Studio Solution File, Format Version 12.00
# Visual Studio Version 17
VisualStudioVersion = 17.5.2.0
MinimumVisualStudioVersion = 10.0.40219.1
Project("{2150E333-8FDC-42A3-9474-1A3956D46DE8}") = "src", "src", "{827E0CD3-B72D-47B6-A68D-7590B98EB39B}"
EndProject
Project("{2150E333-8FDC-42A3-9474-1A3956D46DE8}") = "test", "test", "{0C88DD14-F956-CE84-757C-A364CCF449FC}"
EndProject
Project("{FAE04EC0-301F-11D3-BF4B-00C04F79EFBC}") = "Ewallet.DebitSenderWalletBalanceFunction", "src\Ewallet.DebitSenderWalletBalanceFunction\Ewallet.DebitSenderWalletBalanceFunction.csproj", "{873387AA-B12B-4456-8A81-77A4F3ACE9D3}"
EndProject
Project("{FAE04EC0-301F-11D3-BF4B-00C04F79EFBC}") = "Ewallet.CreateTransactionFunction", "src\Ewallet.CreateTransactionFunction\Ewallet.CreateTransactionFunction.csproj", "{E0CA0C31-BB83-42B2-88E0-2BDA17273953}"
EndProject
Project("{FAE04EC0-301F-11D3-BF4B-00C04F79EFBC}") = "Ewallet.FailTransactionFunction", "src\Ewallet.FailTransactionFunction\Ewallet.FailTransactionFunction.csproj", "{C09EE1D8-7F95-40C5-84E4-AB9A60B4F0F4}"
EndProject
Project("{FAE04EC0-301F-11D3-BF4B-00C04F79EFBC}") = "Ewallet.CreditReceiverWalletBalanceFunction", "src\Ewallet.CreditReceiverWalletBalanceFunction\Ewallet.CreditReceiverWalletBalanceFunction.csproj", "{2E006EA1-0BF7-41D5-80F1-6D89EA343012}"
EndProject
Project("{FAE04EC0-301F-11D3-BF4B-00C04F79EFBC}") = "Ewallet.RefundSenderWalletBalanceFunction", "src\Ewallet.RefundSenderWalletBalanceFunction\Ewallet.RefundSenderWalletBalanceFunction.csproj", "{F68C59FC-CA84-4ECB-B916-F72816CE14DD}"
EndProject
Project("{FAE04EC0-301F-11D3-BF4B-00C04F79EFBC}") = "Ewallet.ProcessTransactionFunction", "src\Ewallet.ProcessTransactionFunction\Ewallet.ProcessTransactionFunction.csproj", "{55A6DE01-F1FB-492B-857E-D1A6578454A2}"
EndProject
Project("{FAE04EC0-301F-11D3-BF4B-00C04F79EFBC}") = "Ewallet.SuccessTransactionFunction", "src\Ewallet.SuccessTransactionFunction\Ewallet.SuccessTransactionFunction.csproj", "{C444883E-7089-4EA8-AACC-CC04DADC142F}"
EndProject
Project("{FAE04EC0-301F-11D3-BF4B-00C04F79EFBC}") = "Ewallet.ReverseReceiverCreditFunction", "src\Ewallet.ReverseReceiverCreditFunction\Ewallet.ReverseReceiverCreditFunction.csproj", "{1310394F-AB11-4512-B616-D8E44C9EAFA8}"
EndProject
Global
	GlobalSection(SolutionConfigurationPlatforms) = preSolution
		Debug|Any CPU = Debug|Any CPU
		Debug|x64 = Debug|x64
		Debug|x86 = Debug|x86
		Release|Any CPU = Release|Any CPU
		Release|x64 = Release|x64
		Release|x86 = Release|x86
	EndGlobalSection
	GlobalSection(ProjectConfigurationPlatforms) = postSolution
		{873387AA-B12B-4456-8A81-77A4F3ACE9D3}.Debug|Any CPU.ActiveCfg = Debug|Any CPU
		{873387AA-B12B-4456-8A81-77A4F3ACE9D3}.Debug|Any CPU.Build.0 = Debug|Any CPU
		{873387AA-B12B-4456-8A81-77A4F3ACE9D3}.Debug|x64.ActiveCfg = Debug|Any CPU
		{873387AA-B12B-4456-8A81-77A4F3ACE9D3}.Debug|x64.Build.0 = Debug|Any CPU
		{873387AA-B12B-4456-8A81-77A4F3ACE9D3}.Debug|x86.ActiveCfg = Debug|Any CPU
		{873387AA-B12B-4456-8A81-77A4F3ACE9D3}.Debug|x86.Build.0 = Debug|Any CPU
		{873387AA-B12B-4456-8A81-77A4F3ACE9D3}.Release|Any CPU.ActiveCfg = Release|Any CPU
		{873387AA-B12B-4456-8A81-77A4F3ACE9D3}.Release|Any CPU.Build.0 = Release|Any CPU
		{873387AA-B12B-4456-8A81-77A4F3ACE9D3}.Release|x64.ActiveCfg = Release|Any CPU
		{873387AA-B12B-4456-8A81-77A4F3ACE9D3}.Release|x64.Build.0 = Release|Any CPU
		{873387AA-B12B-4456-8A81-77A4F3ACE9D3}.Release|x86.ActiveCfg = Release|Any CPU
		{873387AA-B12B-4456-8A81-77A4F3ACE9D3}.Release|x86.Build.0 = Release|Any CPU
		{E0CA0C31-BB83-42B2-88E0-2BDA17273953}.Debug|Any CPU.ActiveCfg = Debug|Any CPU
		{E0CA0C31-BB83-42B2-88E0-2BDA17273953}.Debug|Any CPU.Build.0 = Debug|Any CPU
		{E0CA0C31-BB83-42B2-88E0-2BDA17273953}.Debug|x64.ActiveCfg = Debug|Any CPU
		{E0CA0C31-BB83-42B2-88E0-2BDA17273953}.Debug|x64.Build.0 = Debug|Any CPU
		{E0CA0C31-BB83-42B2-88E0-2BDA17273953}.Debug|x86.ActiveCfg = Debug|Any CPU
		{E0CA0C31-BB83-42B2-88E0-2BDA17273953}.Debug|x86.Build.0 = Debug|Any CPU
		{E0CA0C31-BB83-42B2-88E0-2BDA17273953}.Release|Any CPU.ActiveCfg = Release|Any CPU
		{E0CA0C31-BB83-42B2-88E0-2BDA17273953}.Release|Any CPU.Build.0 = Release|Any CPU
		{E0CA0C31-BB83-42B2-88E0-2BDA17273953}.Release|x64.ActiveCfg = Release|Any CPU
		{E0CA0C31-BB83-42B2-88E0-2BDA17273953}.Release|x64.Build.0 = Release|Any CPU
		{E0CA0C31-BB83-42B2-88E0-2BDA17273953}.Release|x86.ActiveCfg = Release|Any CPU
		{E0CA0C31-BB83-42B2-88E0-2BDA17273953}.Release|x86.Build.0 = Release|Any CPU
		{C09EE1D8-7F95-40C5-84E4-AB9A60B4F0F4}.Debug|Any CPU.ActiveCfg = Debug|Any CPU
		{C09EE1D8-7F95-40C5-84E4-AB9A60B4F0F4}.Debug|Any CPU.Build.0 = Debug|Any CPU
		{C09EE1D8-7F95-40C5-84E4-AB9A60B4F0F4}.Debug|x64.ActiveCfg = Debug|Any CPU
		{C09EE1D8-7F95-40C5-84E4-AB9A60B4F0F4}.Debug|x64.Build.0 = Debug|Any CPU
		{C09EE1D8-7F95-40C5-84E4-AB9A60B4F0F4}.Debug|x86.ActiveCfg = Debug|Any CPU
		{C09EE1D8-7F95-40C5-84E4-AB9A60B4F0F4}.Debug|x86.Build.0 = Debug|Any CPU
		{C09EE1D8-7F95-40C5-84E4-AB9A60B4F0F4}.Release|Any CPU.ActiveCfg = Release|Any CPU
		{C09EE1D8-7F95-40C5-84E4-AB9A60B4F0F4}.Release|Any CPU.Build.0 = Release|Any CPU
		{C09EE1D8-7F95-40C5-84E4-AB9A60B4F0F4}.Release|x64.ActiveCfg = Release|Any CPU
		{C09EE1D8-7F95-40C5-84E4-AB9A60B4F0F4}.Release|x64.Build.0 = Release|Any CPU
		{C09EE1D8-7F95-40C5-84E4-AB9A60B4F0F4}.Release|x86.ActiveCfg = Release|Any CPU
		{C09EE1D8-7F95-40C5-84E4-AB9A60B4F0F4}.Release|x86.Build.0 = Release|Any CPU
		{2E006EA1-0BF7-41D5-80F1-6D89EA343012}.Debug|Any CPU.ActiveCfg = Debug|Any CPU
		{2E006EA1-0BF7-41D5-80F1-6D89EA343012}.Debug|Any CPU.Build.0 = Debug|Any CPU
		{2E006EA1-0BF7-41D5-80F1-6D89EA343012}.Debug|x64.ActiveCfg = Debug|Any CPU
		{2E006EA1-0BF7-41D5-80F1-6D89EA343012}.Debug|x64.Build.0 = Debug|Any CPU
		{2E006EA1-0BF7-41D5-80F1-6D89EA343012}.Debug|x86.ActiveCfg = Debug|Any CPU
		{2E006EA1-0BF7-41D5-80F1-6D89EA343012}.Debug|x86.Build.0 = Debug|Any CPU
		{2E006EA1-0BF7-41D5-80F1-6D89EA343012}.Release|Any CPU.ActiveCfg = Release|Any CPU
		{2E006EA1-0BF7-41D5-80F1-6D89EA343012}.Release|Any CPU.Build.0 = Release|Any CPU
		{2E006EA1-0BF7-41D5-80F1-6D89EA343012}.Release|x64.ActiveCfg = Release|Any CPU
		{2E006EA1-0BF7-41D5-80F1-6D89EA343012}.Release|x64.Build.0 = Release|Any CPU
		{2E006EA1-0BF7-41D5-80F1-6D89EA343012}.Release|x86.ActiveCfg = Release|Any CPU
		{2E006EA1-0BF7-41D5-80F1-6D89EA343012}.Release|x86.Build.0 = Release|Any CPU
		{F68C59FC-CA84-4ECB-B916-F72816CE14DD}.Debug|Any CPU.ActiveCfg = Debug|Any CPU
		{F68C59FC-CA84-4ECB-B916-F72816CE14DD}.Debug|Any CPU.Build.0 = Debug|Any CPU
		{F68C59FC-CA84-4ECB-B916-F72816CE14DD}.Debug|x64.ActiveCfg = Debug|Any CPU
		{F68C59FC-CA84-4ECB-B916-F72816CE14DD}.Debug|x64.Build.0 = Debug|Any CPU
		{F68C59FC-CA84-4ECB-B916-F72816CE14DD}.Debug|x86.ActiveCfg = Debug|Any CPU
		{F68C59FC-CA84-4ECB-B916-F72816CE14DD}.Debug|x86.Build.0 = Debug|Any CPU
		{F68C59FC-CA84-4ECB-B916-F72816CE14DD}.Release|Any CPU.ActiveCfg = Release|Any CPU
		{F68C59FC-CA84-4ECB-B916-F72816CE14DD}.Release|Any CPU.Build.0 = Release|Any CPU
		{F68C59FC-CA84-4ECB-B916-F72816CE14DD}.Release|x64.ActiveCfg = Release|Any CPU
		{F68C59FC-CA84-4ECB-B916-F72816CE14DD}.Release|x64.Build.0 = Release|Any CPU
		{F68C59FC-CA84-4ECB-B916-F72816CE14DD}.Release|x86.ActiveCfg = Release|Any CPU
		{F68C59FC-CA84-4ECB-B916-F72816CE14DD}.Release|x86.Build.0 = Release|Any CPU
		{55A6DE01-F1FB-492B-857E-D1A6578454A2}.Debug|Any CPU.ActiveCfg = Debug|Any CPU
		{55A6DE01-F1FB-492B-857E-D1A6578454A2}.Debug|Any CPU.Build.0 = Debug|Any CPU
		{55A6DE01-F1FB-492B-857E-D1A6578454A2}.Debug|x64.ActiveCfg = Debug|Any CPU
		{55A6DE01-F1FB-492B-857E-D1A6578454A2}.Debug|x64.Build.0 = Debug|Any CPU
		{55A6DE01-F1FB-492B-857E-D1A6578454A2}.Debug|x86.ActiveCfg = Debug|Any CPU
		{55A6DE01-F1FB-492B-857E-D1A6578454A2}.Debug|x86.Build.0 = Debug|Any CPU
		{55A6DE01-F1FB-492B-857E-D1A6578454A2}.Release|Any CPU.ActiveCfg = Release|Any CPU
		{55A6DE01-F1FB-492B-857E-D1A6578454A2}.Release|Any CPU.Build.0 = Release|Any CPU
		{55A6DE01-F1FB-492B-857E-D1A6578454A2}.Release|x64.ActiveCfg = Release|Any CPU
		{55A6DE01-F1FB-492B-857E-D1A6578454A2}.Release|x64.Build.0 = Release|Any CPU
		{55A6DE01-F1FB-492B-857E-D1A6578454A2}.Release|x86.ActiveCfg = Release|Any CPU
		{55A6DE01-F1FB-492B-857E-D1A6578454A2}.Release|x86.Build.0 = Release|Any CPU
		{C444883E-7089-4EA8-AACC-CC04DADC142F}.Debug|Any CPU.ActiveCfg = Debug|Any CPU
		{C444883E-7089-4EA8-AACC-CC04DADC142F}.Debug|Any CPU.Build.0 = Debug|Any CPU
		{C444883E-7089-4EA8-AACC-CC04DADC142F}.Debug|x64.ActiveCfg = Debug|Any CPU
		{C444883E-7089-4EA8-AACC-CC04DADC142F}.Debug|x64.Build.0 = Debug|Any CPU
		{C444883E-7089-4EA8-AACC-CC04DADC142F}.Debug|x86.ActiveCfg = Debug|Any CPU
		{C444883E-7089-4EA8-AACC-CC04DADC142F}.Debug|x86.Build.0 = Debug|Any CPU
		{C444883E-7089-4EA8-AACC-CC04DADC142F}.Release|Any CPU.ActiveCfg = Release|Any CPU
		{C444883E-7089-4EA8-AACC-CC04DADC142F}.Release|Any CPU.Build.0 = Release|Any CPU
		{C444883E-7089-4EA8-AACC-CC04DADC142F}.Release|x64.ActiveCfg = Release|Any CPU
		{C444883E-7089-4EA8-AACC-CC04DADC142F}.Release|x64.Build.0 = Release|Any CPU
		{C444883E-7089-4EA8-AACC-CC04DADC142F}.Release|x86.ActiveCfg = Release|Any CPU
		{C444883E-7089-4EA8-AACC-CC04DADC142F}.Release|x86.Build.0 = Release|Any CPU
		{1310394F-AB11-4512-B616-D8E44C9EAFA8}.Debug|Any CPU.ActiveCfg = Debug|Any CPU
		{1310394F-AB11-4512-B616-D8E44C9EAFA8}.Debug|Any CPU.Build.0 = Debug|Any CPU
		{1310394F-AB11-4512-B616-D8E44C9EAFA8}.Debug|x64.ActiveCfg = Debug|Any CPU
		{1310394F-AB11-4512-B616-D8E44C9EAFA8}.Debug|x64.Build.0 = Debug|Any CPU
		{1310394F-AB11-4512-B616-D8E44C9EAFA8}.Debug|x86.ActiveCfg = Debug|Any CPU
		{1310394F-AB11-4512-B616-D8E44C9EAFA8}.Debug|x86.Build.0 = Debug|Any CPU
		{1310394F-AB11-4512-B616-D8E44C9EAFA8}.Release|Any CPU.ActiveCfg = Release|Any CPU
		{1310394F-AB11-4512-B616-D8E44C9EAFA8}.Release|Any CPU.Build.0 = Release|Any CPU
		{1310394F-AB11-4512-B616-D8E44C9EAFA8}.Release|x64.ActiveCfg = Release|Any CPU
		{1310394F-AB11-4512-B616-D8E44C9EAFA8}.Release|x64.Build.0 = Release|Any CPU
		{1310394F-AB11-4512-B616-D8E44C9EAFA8}.Release|x86.ActiveCfg = Release|Any CPU
		{1310394F-AB11-4512-B616-D8E44C9EAFA8}.Release|x86.Build.0 = Release|Any CPU
	EndGlobalSection
	GlobalSection(SolutionProperties) = preSolution
		HideSolutionNode = FALSE
	EndGlobalSection
	GlobalSection(NestedProjects) = preSolution
		{873387AA-B12B-4456-8A81-77A4F3ACE9D3} = {827E0CD3-B72D-47B6-A68D-7590B98EB39B}
		{E0CA0C31-BB83-42B2-88E0-2BDA17273953} = {827E0CD3-B72D-47B6-A68D-7590B98EB39B}
		{C09EE1D8-7F95-40C5-84E4-AB9A60B4F0F4} = {827E0CD3-B72D-47B6-A68D-7590B98EB39B}
		{2E006EA1-0BF7-41D5-80F1-6D89EA343012} = {827E0CD3-B72D-47B6-A68D-7590B98EB39B}
		{F68C59FC-CA84-4ECB-B916-F72816CE14DD} = {827E0CD3-B72D-47B6-A68D-7590B98EB39B}
		{55A6DE01-F1FB-492B-857E-D1A6578454A2} = {827E0CD3-B72D-47B6-A68D-7590B98EB39B}
		{C444883E-7089-4EA8-AACC-CC04DADC142F} = {827E0CD3-B72D-47B6-A68D-7590B98EB39B}
		{1310394F-AB11-4512-B616-D8E44C9EAFA8} = {827E0CD3-B72D-47B6-A68D-7590B98EB39B}
	EndGlobalSection
	GlobalSection(ExtensibilityGlobals) = postSolution
		SolutionGuid = {FE220BAA-A190-4472-9004-31F8EB24EC0F}
	EndGlobalSection
EndGlobal
